
Microsoft Visual Studio Solution File, Format Version 12.00
# Visual Studio Version 17
VisualStudioVersion = 17.1.32421.90
MinimumVisualStudioVersion = 10.0.40219.1
Project("{FAE04EC0-301F-11D3-BF4B-00C04F79EFBC}") = "calculator", "calculator.csproj", "{229F5EB8-9B26-40B2-923B-B96E0CA074CE}"
EndProject
Global
	GlobalSection(SolutionConfigurationPlatforms) = preSolution
		Debug|Any CPU = Debug|Any CPU
		Release|Any CPU = Release|Any CPU
	EndGlobalSection
	GlobalSection(ProjectConfigurationPlatforms) = postSolution
		{229F5EB8-9B26-40B2-923B-B96E0CA074CE}.Debug|Any CPU.ActiveCfg = Debug|Any CPU
		{229F5EB8-9B26-40B2-923B-B96E0CA074CE}.Debug|Any CPU.Build.0 = Debug|Any CPU
		{229F5EB8-9B26-40B2-923B-B96E0CA074CE}.Release|Any CPU.ActiveCfg = Release|Any CPU
		{229F5EB8-9B26-40B2-923B-B96E0CA074CE}.Release|Any CPU.Build.0 = Release|Any CPU
	EndGlobalSection
	GlobalSection(SolutionProperties) = preSolution
		HideSolutionNode = FALSE
	EndGlobalSection
	GlobalSection(ExtensibilityGlobals) = postSolution
		SolutionGuid = {6824AE1F-D756-4E50-B10E-156D198160E8}
	EndGlobalSection
EndGlobal
